// !$*UTF8*$!
{
	archiveVersion = 1;
	classes = {
	};
	objectVersion = 50;
	objects = {

/* Begin PBXBuildFile section */
		67962ED625EFA58600A725D7 /* UI_137App.swift in Sources */ = {isa = PBXBuildFile; fileRef = 67962ED525EFA58600A725D7 /* UI_137App.swift */; };
		67962ED825EFA58600A725D7 /* ContentView.swift in Sources */ = {isa = PBXBuildFile; fileRef = 67962ED725EFA58600A725D7 /* ContentView.swift */; };
		67962EDA25EFA58700A725D7 /* Assets.xcassets in Resources */ = {isa = PBXBuildFile; fileRef = 67962ED925EFA58700A725D7 /* Assets.xcassets */; };
		67962EDD25EFA58700A725D7 /* Preview Assets.xcassets in Resources */ = {isa = PBXBuildFile; fileRef = 67962EDC25EFA58700A725D7 /* Preview Assets.xcassets */; };
		67962EE825EFA58800A725D7 /* UI_137Tests.swift in Sources */ = {isa = PBXBuildFile; fileRef = 67962EE725EFA58800A725D7 /* UI_137Tests.swift */; };
		67962EF325EFA58800A725D7 /* UI_137UITests.swift in Sources */ = {isa = PBXBuildFile; fileRef = 67962EF225EFA58800A725D7 /* UI_137UITests.swift */; };
		67962F0625EFAEBE00A725D7 /* Home.swift in Sources */ = {isa = PBXBuildFile; fileRef = 67962F0525EFAEBE00A725D7 /* Home.swift */; };
		67962F0E25EFB01B00A725D7 /* HomeViewModel.swift in Sources */ = {isa = PBXBuildFile; fileRef = 67962F0D25EFB01B00A725D7 /* HomeViewModel.swift */; };
		67962F1425EFB11600A725D7 /* GridItemView.swift in Sources */ = {isa = PBXBuildFile; fileRef = 67962F1325EFB11600A725D7 /* GridItemView.swift */; };
		67962F1925EFB6EE00A725D7 /* ImageView.swift in Sources */ = {isa = PBXBuildFile; fileRef = 67962F1825EFB6EE00A725D7 /* ImageView.swift */; };
		67962F3525EFC1C500A725D7 /* Main.swift in Sources */ = {isa = PBXBuildFile; fileRef = 67962F3425EFC1C500A725D7 /* Main.swift */; };
/* End PBXBuildFile section */

/* Begin PBXContainerItemProxy section */
		67962EE425EFA58800A725D7 /* PBXContainerItemProxy */ = {
			isa = PBXContainerItemProxy;
			containerPortal = 67962ECA25EFA58600A725D7 /* Project object */;
			proxyType = 1;
			remoteGlobalIDString = 67962ED125EFA58600A725D7;
			remoteInfo = "UI-137";
		};
		67962EEF25EFA58800A725D7 /* PBXContainerItemProxy */ = {
			isa = PBXContainerItemProxy;
			containerPortal = 67962ECA25EFA58600A725D7 /* Project object */;
			proxyType = 1;
			remoteGlobalIDString = 67962ED125EFA58600A725D7;
			remoteInfo = "UI-137";
		};
/* End PBXContainerItemProxy section */

/* Begin PBXFileReference section */
		67962ED225EFA58600A725D7 /* UI-137.app */ = {isa = PBXFileReference; explicitFileType = wrapper.application; includeInIndex = 0; path = "UI-137.app"; sourceTree = BUILT_PRODUCTS_DIR; };
		67962ED525EFA58600A725D7 /* UI_137App.swift */ = {isa = PBXFileReference; lastKnownFileType = sourcecode.swift; path = UI_137App.swift; sourceTree = "<group>"; };
		67962ED725EFA58600A725D7 /* ContentView.swift */ = {isa = PBXFileReference; lastKnownFileType = sourcecode.swift; path = ContentView.swift; sourceTree = "<group>"; };
		67962ED925EFA58700A725D7 /* Assets.xcassets */ = {isa = PBXFileReference; lastKnownFileType = folder.assetcatalog; path = Assets.xcassets; sourceTree = "<group>"; };
		67962EDC25EFA58700A725D7 /* Preview Assets.xcassets */ = {isa = PBXFileReference; lastKnownFileType = folder.assetcatalog; path = "Preview Assets.xcassets"; sourceTree = "<group>"; };
		67962EDE25EFA58700A725D7 /* Info.plist */ = {isa = PBXFileReference; lastKnownFileType = text.plist.xml; path = Info.plist; sourceTree = "<group>"; };
		67962EE325EFA58800A725D7 /* UI-137Tests.xctest */ = {isa = PBXFileReference; explicitFileType = wrapper.cfbundle; includeInIndex = 0; path = "UI-137Tests.xctest"; sourceTree = BUILT_PRODUCTS_DIR; };
		67962EE725EFA58800A725D7 /* UI_137Tests.swift */ = {isa = PBXFileReference; lastKnownFileType = sourcecode.swift; path = UI_137Tests.swift; sourceTree = "<group>"; };
		67962EE925EFA58800A725D7 /* Info.plist */ = {isa = PBXFileReference; lastKnownFileType = text.plist.xml; path = Info.plist; sourceTree = "<group>"; };
		67962EEE25EFA58800A725D7 /* UI-137UITests.xctest */ = {isa = PBXFileReference; explicitFileType = wrapper.cfbundle; includeInIndex = 0; path = "UI-137UITests.xctest"; sourceTree = BUILT_PRODUCTS_DIR; };
		67962EF225EFA58800A725D7 /* UI_137UITests.swift */ = {isa = PBXFileReference; lastKnownFileType = sourcecode.swift; path = UI_137UITests.swift; sourceTree = "<group>"; };
		67962EF425EFA58800A725D7 /* Info.plist */ = {isa = PBXFileReference; lastKnownFileType = text.plist.xml; path = Info.plist; sourceTree = "<group>"; };
		67962F0525EFAEBE00A725D7 /* Home.swift */ = {isa = PBXFileReference; lastKnownFileType = sourcecode.swift; path = Home.swift; sourceTree = "<group>"; };
		67962F0D25EFB01B00A725D7 /* HomeViewModel.swift */ = {isa = PBXFileReference; lastKnownFileType = sourcecode.swift; path = HomeViewModel.swift; sourceTree = "<group>"; };
		67962F1325EFB11600A725D7 /* GridItemView.swift */ = {isa = PBXFileReference; lastKnownFileType = sourcecode.swift; path = GridItemView.swift; sourceTree = "<group>"; };
		67962F1825EFB6EE00A725D7 /* ImageView.swift */ = {isa = PBXFileReference; lastKnownFileType = sourcecode.swift; path = ImageView.swift; sourceTree = "<group>"; };
		67962F3425EFC1C500A725D7 /* Main.swift */ = {isa = PBXFileReference; lastKnownFileType = sourcecode.swift; path = Main.swift; sourceTree = "<group>"; };
/* End PBXFileReference section */

/* Begin PBXFrameworksBuildPhase section */
		67962ECF25EFA58600A725D7 /* Frameworks */ = {
			isa = PBXFrameworksBuildPhase;
			buildActionMask = 2147483647;
			files = (
			);
			runOnlyForDeploymentPostprocessing = 0;
		};
		67962EE025EFA58800A725D7 /* Frameworks */ = {
			isa = PBXFrameworksBuildPhase;
			buildActionMask = 2147483647;
			files = (
			);
			runOnlyForDeploymentPostprocessing = 0;
		};
		67962EEB25EFA58800A725D7 /* Frameworks */ = {
			isa = PBXFrameworksBuildPhase;
			buildActionMask = 2147483647;
			files = (
			);
			runOnlyForDeploymentPostprocessing = 0;
		};
/* End PBXFrameworksBuildPhase section */

/* Begin PBXGroup section */
		67962EC925EFA58600A725D7 = {
			isa = PBXGroup;
			children = (
				67962ED425EFA58600A725D7 /* UI-137 */,
				67962EE625EFA58800A725D7 /* UI-137Tests */,
				67962EF125EFA58800A725D7 /* UI-137UITests */,
				67962ED325EFA58600A725D7 /* Products */,
			);
			sourceTree = "<group>";
		};
		67962ED325EFA58600A725D7 /* Products */ = {
			isa = PBXGroup;
			children = (
				67962ED225EFA58600A725D7 /* UI-137.app */,
				67962EE325EFA58800A725D7 /* UI-137Tests.xctest */,
				67962EEE25EFA58800A725D7 /* UI-137UITests.xctest */,
			);
			name = Products;
			sourceTree = "<group>";
		};
		67962ED425EFA58600A725D7 /* UI-137 */ = {
			isa = PBXGroup;
			children = (
				67962F0425EFAEB100A725D7 /* ViewModel */,
				67962F0325EFAEAB00A725D7 /* View */,
				67962ED525EFA58600A725D7 /* UI_137App.swift */,
				67962ED725EFA58600A725D7 /* ContentView.swift */,
				67962ED925EFA58700A725D7 /* Assets.xcassets */,
				67962EDE25EFA58700A725D7 /* Info.plist */,
				67962EDB25EFA58700A725D7 /* Preview Content */,
			);
			path = "UI-137";
			sourceTree = "<group>";
		};
		67962EDB25EFA58700A725D7 /* Preview Content */ = {
			isa = PBXGroup;
			children = (
				67962EDC25EFA58700A725D7 /* Preview Assets.xcassets */,
			);
			path = "Preview Content";
			sourceTree = "<group>";
		};
		67962EE625EFA58800A725D7 /* UI-137Tests */ = {
			isa = PBXGroup;
			children = (
				67962EE725EFA58800A725D7 /* UI_137Tests.swift */,
				67962EE925EFA58800A725D7 /* Info.plist */,
			);
			path = "UI-137Tests";
			sourceTree = "<group>";
		};
		67962EF125EFA58800A725D7 /* UI-137UITests */ = {
			isa = PBXGroup;
			children = (
				67962EF225EFA58800A725D7 /* UI_137UITests.swift */,
				67962EF425EFA58800A725D7 /* Info.plist */,
			);
			path = "UI-137UITests";
			sourceTree = "<group>";
		};
		67962F0325EFAEAB00A725D7 /* View */ = {
			isa = PBXGroup;
			children = (
				67962F0525EFAEBE00A725D7 /* Home.swift */,
				67962F1325EFB11600A725D7 /* GridItemView.swift */,
				67962F1825EFB6EE00A725D7 /* ImageView.swift */,
				67962F3425EFC1C500A725D7 /* Main.swift */,
			);
			path = View;
			sourceTree = "<group>";
		};
		67962F0425EFAEB100A725D7 /* ViewModel */ = {
			isa = PBXGroup;
			children = (
				67962F0D25EFB01B00A725D7 /* HomeViewModel.swift */,
			);
			path = ViewModel;
			sourceTree = "<group>";
		};
/* End PBXGroup section */

/* Begin PBXNativeTarget section */
		67962ED125EFA58600A725D7 /* UI-137 */ = {
			isa = PBXNativeTarget;
			buildConfigurationList = 67962EF725EFA58800A725D7 /* Build configuration list for PBXNativeTarget "UI-137" */;
			buildPhases = (
				67962ECE25EFA58600A725D7 /* Sources */,
				67962ECF25EFA58600A725D7 /* Frameworks */,
				67962ED025EFA58600A725D7 /* Resources */,
			);
			buildRules = (
			);
			dependencies = (
			);
			name = "UI-137";
			productName = "UI-137";
			productReference = 67962ED225EFA58600A725D7 /* UI-137.app */;
			productType = "com.apple.product-type.application";
		};
		67962EE225EFA58800A725D7 /* UI-137Tests */ = {
			isa = PBXNativeTarget;
			buildConfigurationList = 67962EFA25EFA58800A725D7 /* Build configuration list for PBXNativeTarget "UI-137Tests" */;
			buildPhases = (
				67962EDF25EFA58800A725D7 /* Sources */,
				67962EE025EFA58800A725D7 /* Frameworks */,
				67962EE125EFA58800A725D7 /* Resources */,
			);
			buildRules = (
			);
			dependencies = (
				67962EE525EFA58800A725D7 /* PBXTargetDependency */,
			);
			name = "UI-137Tests";
			productName = "UI-137Tests";
			productReference = 67962EE325EFA58800A725D7 /* UI-137Tests.xctest */;
			productType = "com.apple.product-type.bundle.unit-test";
		};
		67962EED25EFA58800A725D7 /* UI-137UITests */ = {
			isa = PBXNativeTarget;
			buildConfigurationList = 67962EFD25EFA58800A725D7 /* Build configuration list for PBXNativeTarget "UI-137UITests" */;
			buildPhases = (
				67962EEA25EFA58800A725D7 /* Sources */,
				67962EEB25EFA58800A725D7 /* Frameworks */,
				67962EEC25EFA58800A725D7 /* Resources */,
			);
			buildRules = (
			);
			dependencies = (
				67962EF025EFA58800A725D7 /* PBXTargetDependency */,
			);
			name = "UI-137UITests";
			productName = "UI-137UITests";
			productReference = 67962EEE25EFA58800A725D7 /* UI-137UITests.xctest */;
			productType = "com.apple.product-type.bundle.ui-testing";
		};
/* End PBXNativeTarget section */

/* Begin PBXProject section */
		67962ECA25EFA58600A725D7 /* Project object */ = {
			isa = PBXProject;
			attributes = {
				LastSwiftUpdateCheck = 1240;
				LastUpgradeCheck = 1240;
				TargetAttributes = {
					67962ED125EFA58600A725D7 = {
						CreatedOnToolsVersion = 12.4;
					};
					67962EE225EFA58800A725D7 = {
						CreatedOnToolsVersion = 12.4;
						TestTargetID = 67962ED125EFA58600A725D7;
					};
					67962EED25EFA58800A725D7 = {
						CreatedOnToolsVersion = 12.4;
						TestTargetID = 67962ED125EFA58600A725D7;
					};
				};
			};
			buildConfigurationList = 67962ECD25EFA58600A725D7 /* Build configuration list for PBXProject "UI-137" */;
			compatibilityVersion = "Xcode 9.3";
			developmentRegion = en;
			hasScannedForEncodings = 0;
			knownRegions = (
				en,
				Base,
			);
			mainGroup = 67962EC925EFA58600A725D7;
			productRefGroup = 67962ED325EFA58600A725D7 /* Products */;
			projectDirPath = "";
			projectRoot = "";
			targets = (
				67962ED125EFA58600A725D7 /* UI-137 */,
				67962EE225EFA58800A725D7 /* UI-137Tests */,
				67962EED25EFA58800A725D7 /* UI-137UITests */,
			);
		};
/* End PBXProject section */

/* Begin PBXResourcesBuildPhase section */
		67962ED025EFA58600A725D7 /* Resources */ = {
			isa = PBXResourcesBuildPhase;
			buildActionMask = 2147483647;
			files = (
				67962EDD25EFA58700A725D7 /* Preview Assets.xcassets in Resources */,
				67962EDA25EFA58700A725D7 /* Assets.xcassets in Resources */,
			);
			runOnlyForDeploymentPostprocessing = 0;
		};
		67962EE125EFA58800A725D7 /* Resources */ = {
			isa = PBXResourcesBuildPhase;
			buildActionMask = 2147483647;
			files = (
			);
			runOnlyForDeploymentPostprocessing = 0;
		};
		67962EEC25EFA58800A725D7 /* Resources */ = {
			isa = PBXResourcesBuildPhase;
			buildActionMask = 2147483647;
			files = (
			);
			runOnlyForDeploymentPostprocessing = 0;
		};
/* End PBXResourcesBuildPhase section */

/* Begin PBXSourcesBuildPhase section */
		67962ECE25EFA58600A725D7 /* Sources */ = {
			isa = PBXSourcesBuildPhase;
			buildActionMask = 2147483647;
			files = (
				67962F1925EFB6EE00A725D7 /* ImageView.swift in Sources */,
				67962ED825EFA58600A725D7 /* ContentView.swift in Sources */,
				67962F0625EFAEBE00A725D7 /* Home.swift in Sources */,
				67962ED625EFA58600A725D7 /* UI_137App.swift in Sources */,
				67962F0E25EFB01B00A725D7 /* HomeViewModel.swift in Sources */,
				67962F3525EFC1C500A725D7 /* Main.swift in Sources */,
				67962F1425EFB11600A725D7 /* GridItemView.swift in Sources */,
			);
			runOnlyForDeploymentPostprocessing = 0;
		};
		67962EDF25EFA58800A725D7 /* Sources */ = {
			isa = PBXSourcesBuildPhase;
			buildActionMask = 2147483647;
			files = (
				67962EE825EFA58800A725D7 /* UI_137Tests.swift in Sources */,
			);
			runOnlyForDeploymentPostprocessing = 0;
		};
		67962EEA25EFA58800A725D7 /* Sources */ = {
			isa = PBXSourcesBuildPhase;
			buildActionMask = 2147483647;
			files = (
				67962EF325EFA58800A725D7 /* UI_137UITests.swift in Sources */,
			);
			runOnlyForDeploymentPostprocessing = 0;
		};
/* End PBXSourcesBuildPhase section */

/* Begin PBXTargetDependency section */
		67962EE525EFA58800A725D7 /* PBXTargetDependency */ = {
			isa = PBXTargetDependency;
			target = 67962ED125EFA58600A725D7 /* UI-137 */;
			targetProxy = 67962EE425EFA58800A725D7 /* PBXContainerItemProxy */;
		};
		67962EF025EFA58800A725D7 /* PBXTargetDependency */ = {
			isa = PBXTargetDependency;
			target = 67962ED125EFA58600A725D7 /* UI-137 */;
			targetProxy = 67962EEF25EFA58800A725D7 /* PBXContainerItemProxy */;
		};
/* End PBXTargetDependency section */

/* Begin XCBuildConfiguration section */
		67962EF525EFA58800A725D7 /* Debug */ = {
			isa = XCBuildConfiguration;
			buildSettings = {
				ALWAYS_SEARCH_USER_PATHS = NO;
				CLANG_ANALYZER_NONNULL = YES;
				CLANG_ANALYZER_NUMBER_OBJECT_CONVERSION = YES_AGGRESSIVE;
				CLANG_CXX_LANGUAGE_STANDARD = "gnu++14";
				CLANG_CXX_LIBRARY = "libc++";
				CLANG_ENABLE_MODULES = YES;
				CLANG_ENABLE_OBJC_ARC = YES;
				CLANG_ENABLE_OBJC_WEAK = YES;
				CLANG_WARN_BLOCK_CAPTURE_AUTORELEASING = YES;
				CLANG_WARN_BOOL_CONVERSION = YES;
				CLANG_WARN_COMMA = YES;
				CLANG_WARN_CONSTANT_CONVERSION = YES;
				CLANG_WARN_DEPRECATED_OBJC_IMPLEMENTATIONS = YES;
				CLANG_WARN_DIRECT_OBJC_ISA_USAGE = YES_ERROR;
				CLANG_WARN_DOCUMENTATION_COMMENTS = YES;
				CLANG_WARN_EMPTY_BODY = YES;
				CLANG_WARN_ENUM_CONVERSION = YES;
				CLANG_WARN_INFINITE_RECURSION = YES;
				CLANG_WARN_INT_CONVERSION = YES;
				CLANG_WARN_NON_LITERAL_NULL_CONVERSION = YES;
				CLANG_WARN_OBJC_IMPLICIT_RETAIN_SELF = YES;
				CLANG_WARN_OBJC_LITERAL_CONVERSION = YES;
				CLANG_WARN_OBJC_ROOT_CLASS = YES_ERROR;
				CLANG_WARN_QUOTED_INCLUDE_IN_FRAMEWORK_HEADER = YES;
				CLANG_WARN_RANGE_LOOP_ANALYSIS = YES;
				CLANG_WARN_STRICT_PROTOTYPES = YES;
				CLANG_WARN_SUSPICIOUS_MOVE = YES;
				CLANG_WARN_UNGUARDED_AVAILABILITY = YES_AGGRESSIVE;
				CLANG_WARN_UNREACHABLE_CODE = YES;
				CLANG_WARN__DUPLICATE_METHOD_MATCH = YES;
				COPY_PHASE_STRIP = NO;
				DEBUG_INFORMATION_FORMAT = dwarf;
				ENABLE_STRICT_OBJC_MSGSEND = YES;
				ENABLE_TESTABILITY = YES;
				GCC_C_LANGUAGE_STANDARD = gnu11;
				GCC_DYNAMIC_NO_PIC = NO;
				GCC_NO_COMMON_BLOCKS = YES;
				GCC_OPTIMIZATION_LEVEL = 0;
				GCC_PREPROCESSOR_DEFINITIONS = (
					"DEBUG=1",
					"$(inherited)",
				);
				GCC_WARN_64_TO_32_BIT_CONVERSION = YES;
				GCC_WARN_ABOUT_RETURN_TYPE = YES_ERROR;
				GCC_WARN_UNDECLARED_SELECTOR = YES;
				GCC_WARN_UNINITIALIZED_AUTOS = YES_AGGRESSIVE;
				GCC_WARN_UNUSED_FUNCTION = YES;
				GCC_WARN_UNUSED_VARIABLE = YES;
				IPHONEOS_DEPLOYMENT_TARGET = 14.4;
				MTL_ENABLE_DEBUG_INFO = INCLUDE_SOURCE;
				MTL_FAST_MATH = YES;
				ONLY_ACTIVE_ARCH = YES;
				SDKROOT = iphoneos;
				SWIFT_ACTIVE_COMPILATION_CONDITIONS = DEBUG;
				SWIFT_OPTIMIZATION_LEVEL = "-Onone";
			};
			name = Debug;
		};
		67962EF625EFA58800A725D7 /* Release */ = {
			isa = XCBuildConfiguration;
			buildSettings = {
				ALWAYS_SEARCH_USER_PATHS = NO;
				CLANG_ANALYZER_NONNULL = YES;
				CLANG_ANALYZER_NUMBER_OBJECT_CONVERSION = YES_AGGRESSIVE;
				CLANG_CXX_LANGUAGE_STANDARD = "gnu++14";
				CLANG_CXX_LIBRARY = "libc++";
				CLANG_ENABLE_MODULES = YES;
				CLANG_ENABLE_OBJC_ARC = YES;
				CLANG_ENABLE_OBJC_WEAK = YES;
				CLANG_WARN_BLOCK_CAPTURE_AUTORELEASING = YES;
				CLANG_WARN_BOOL_CONVERSION = YES;
				CLANG_WARN_COMMA = YES;
				CLANG_WARN_CONSTANT_CONVERSION = YES;
				CLANG_WARN_DEPRECATED_OBJC_IMPLEMENTATIONS = YES;
				CLANG_WARN_DIRECT_OBJC_ISA_USAGE = YES_ERROR;
				CLANG_WARN_DOCUMENTATION_COMMENTS = YES;
				CLANG_WARN_EMPTY_BODY = YES;
				CLANG_WARN_ENUM_CONVERSION = YES;
				CLANG_WARN_INFINITE_RECURSION = YES;
				CLANG_WARN_INT_CONVERSION = YES;
				CLANG_WARN_NON_LITERAL_NULL_CONVERSION = YES;
				CLANG_WARN_OBJC_IMPLICIT_RETAIN_SELF = YES;
				CLANG_WARN_OBJC_LITERAL_CONVERSION = YES;
				CLANG_WARN_OBJC_ROOT_CLASS = YES_ERROR;
				CLANG_WARN_QUOTED_INCLUDE_IN_FRAMEWORK_HEADER = YES;
				CLANG_WARN_RANGE_LOOP_ANALYSIS = YES;
				CLANG_WARN_STRICT_PROTOTYPES = YES;
				CLANG_WARN_SUSPICIOUS_MOVE = YES;
				CLANG_WARN_UNGUARDED_AVAILABILITY = YES_AGGRESSIVE;
				CLANG_WARN_UNREACHABLE_CODE = YES;
				CLANG_WARN__DUPLICATE_METHOD_MATCH = YES;
				COPY_PHASE_STRIP = NO;
				DEBUG_INFORMATION_FORMAT = "dwarf-with-dsym";
				ENABLE_NS_ASSERTIONS = NO;
				ENABLE_STRICT_OBJC_MSGSEND = YES;
				GCC_C_LANGUAGE_STANDARD = gnu11;
				GCC_NO_COMMON_BLOCKS = YES;
				GCC_WARN_64_TO_32_BIT_CONVERSION = YES;
				GCC_WARN_ABOUT_RETURN_TYPE = YES_ERROR;
				GCC_WARN_UNDECLARED_SELECTOR = YES;
				GCC_WARN_UNINITIALIZED_AUTOS = YES_AGGRESSIVE;
				GCC_WARN_UNUSED_FUNCTION = YES;
				GCC_WARN_UNUSED_VARIABLE = YES;
				IPHONEOS_DEPLOYMENT_TARGET = 14.4;
				MTL_ENABLE_DEBUG_INFO = NO;
				MTL_FAST_MATH = YES;
				SDKROOT = iphoneos;
				SWIFT_COMPILATION_MODE = wholemodule;
				SWIFT_OPTIMIZATION_LEVEL = "-O";
				VALIDATE_PRODUCT = YES;
			};
			name = Release;
		};
		67962EF825EFA58800A725D7 /* Debug */ = {
			isa = XCBuildConfiguration;
			buildSettings = {
				ASSETCATALOG_COMPILER_APPICON_NAME = AppIcon;
				ASSETCATALOG_COMPILER_GLOBAL_ACCENT_COLOR_NAME = AccentColor;
				CODE_SIGN_STYLE = Automatic;
				DEVELOPMENT_ASSET_PATHS = "\"UI-137/Preview Content\"";
				ENABLE_PREVIEWS = YES;
				INFOPLIST_FILE = "UI-137/Info.plist";
				IPHONEOS_DEPLOYMENT_TARGET = 14.0;
				LD_RUNPATH_SEARCH_PATHS = (
					"$(inherited)",
					"@executable_path/Frameworks",
				);
				PRODUCT_BUNDLE_IDENTIFIER = "com.uzu.UI-137";
				PRODUCT_NAME = "$(TARGET_NAME)";
				SWIFT_VERSION = 5.0;
				TARGETED_DEVICE_FAMILY = "1,2";
			};
			name = Debug;
		};
		67962EF925EFA58800A725D7 /* Release */ = {
			isa = XCBuildConfiguration;
			buildSettings = {
				ASSETCATALOG_COMPILER_APPICON_NAME = AppIcon;
				ASSETCATALOG_COMPILER_GLOBAL_ACCENT_COLOR_NAME = AccentColor;
				CODE_SIGN_STYLE = Automatic;
				DEVELOPMENT_ASSET_PATHS = "\"UI-137/Preview Content\"";
				ENABLE_PREVIEWS = YES;
				INFOPLIST_FILE = "UI-137/Info.plist";
				IPHONEOS_DEPLOYMENT_TARGET = 14.0;
				LD_RUNPATH_SEARCH_PATHS = (
					"$(inherited)",
					"@executable_path/Frameworks",
				);
				PRODUCT_BUNDLE_IDENTIFIER = "com.uzu.UI-137";
				PRODUCT_NAME = "$(TARGET_NAME)";
				SWIFT_VERSION = 5.0;
				TARGETED_DEVICE_FAMILY = "1,2";
			};
			name = Release;
		};
		67962EFB25EFA58800A725D7 /* Debug */ = {
			isa = XCBuildConfiguration;
			buildSettings = {
				ALWAYS_EMBED_SWIFT_STANDARD_LIBRARIES = YES;
				BUNDLE_LOADER = "$(TEST_HOST)";
				CODE_SIGN_STYLE = Automatic;
				INFOPLIST_FILE = "UI-137Tests/Info.plist";
				IPHONEOS_DEPLOYMENT_TARGET = 14.0;
				LD_RUNPATH_SEARCH_PATHS = (
					"$(inherited)",
					"@executable_path/Frameworks",
					"@loader_path/Frameworks",
				);
				PRODUCT_BUNDLE_IDENTIFIER = "com.uzu.UI-137Tests";
				PRODUCT_NAME = "$(TARGET_NAME)";
				SWIFT_VERSION = 5.0;
				TARGETED_DEVICE_FAMILY = "1,2";
				TEST_HOST = "$(BUILT_PRODUCTS_DIR)/UI-137.app/UI-137";
			};
			name = Debug;
		};
		67962EFC25EFA58800A725D7 /* Release */ = {
			isa = XCBuildConfiguration;
			buildSettings = {
				ALWAYS_EMBED_SWIFT_STANDARD_LIBRARIES = YES;
				BUNDLE_LOADER = "$(TEST_HOST)";
				CODE_SIGN_STYLE = Automatic;
				INFOPLIST_FILE = "UI-137Tests/Info.plist";
				IPHONEOS_DEPLOYMENT_TARGET = 14.0;
				LD_RUNPATH_SEARCH_PATHS = (
					"$(inherited)",
					"@executable_path/Frameworks",
					"@loader_path/Frameworks",
				);
				PRODUCT_BUNDLE_IDENTIFIER = "com.uzu.UI-137Tests";
				PRODUCT_NAME = "$(TARGET_NAME)";
				SWIFT_VERSION = 5.0;
				TARGETED_DEVICE_FAMILY = "1,2";
				TEST_HOST = "$(BUILT_PRODUCTS_DIR)/UI-137.app/UI-137";
			};
			name = Release;
		};
		67962EFE25EFA58800A725D7 /* Debug */ = {
			isa = XCBuildConfiguration;
			buildSettings = {
				ALWAYS_EMBED_SWIFT_STANDARD_LIBRARIES = YES;
				CODE_SIGN_STYLE = Automatic;
				INFOPLIST_FILE = "UI-137UITests/Info.plist";
				LD_RUNPATH_SEARCH_PATHS = (
					"$(inherited)",
					"@executable_path/Frameworks",
					"@loader_path/Frameworks",
				);
				PRODUCT_BUNDLE_IDENTIFIER = "com.uzu.UI-137UITests";
				PRODUCT_NAME = "$(TARGET_NAME)";
				SWIFT_VERSION = 5.0;
				TARGETED_DEVICE_FAMILY = "1,2";
				TEST_TARGET_NAME = "UI-137";
			};
			name = Debug;
		};
		67962EFF25EFA58800A725D7 /* Release */ = {
			isa = XCBuildConfiguration;
			buildSettings = {
				ALWAYS_EMBED_SWIFT_STANDARD_LIBRARIES = YES;
				CODE_SIGN_STYLE = Automatic;
				INFOPLIST_FILE = "UI-137UITests/Info.plist";
				LD_RUNPATH_SEARCH_PATHS = (
					"$(inherited)",
					"@executable_path/Frameworks",
					"@loader_path/Frameworks",
				);
				PRODUCT_BUNDLE_IDENTIFIER = "com.uzu.UI-137UITests";
				PRODUCT_NAME = "$(TARGET_NAME)";
				SWIFT_VERSION = 5.0;
				TARGETED_DEVICE_FAMILY = "1,2";
				TEST_TARGET_NAME = "UI-137";
			};
			name = Release;
		};
/* End XCBuildConfiguration section */

/* Begin XCConfigurationList section */
		67962ECD25EFA58600A725D7 /* Build configuration list for PBXProject "UI-137" */ = {
			isa = XCConfigurationList;
			buildConfigurations = (
				67962EF525EFA58800A725D7 /* Debug */,
				67962EF625EFA58800A725D7 /* Release */,
			);
			defaultConfigurationIsVisible = 0;
			defaultConfigurationName = Release;
		};
		67962EF725EFA58800A725D7 /* Build configuration list for PBXNativeTarget "UI-137" */ = {
			isa = XCConfigurationList;
			buildConfigurations = (
				67962EF825EFA58800A725D7 /* Debug */,
				67962EF925EFA58800A725D7 /* Release */,
			);
			defaultConfigurationIsVisible = 0;
			defaultConfigurationName = Release;
		};
		67962EFA25EFA58800A725D7 /* Build configuration list for PBXNativeTarget "UI-137Tests" */ = {
			isa = XCConfigurationList;
			buildConfigurations = (
				67962EFB25EFA58800A725D7 /* Debug */,
				67962EFC25EFA58800A725D7 /* Release */,
			);
			defaultConfigurationIsVisible = 0;
			defaultConfigurationName = Release;
		};
		67962EFD25EFA58800A725D7 /* Build configuration list for PBXNativeTarget "UI-137UITests" */ = {
			isa = XCConfigurationList;
			buildConfigurations = (
				67962EFE25EFA58800A725D7 /* Debug */,
				67962EFF25EFA58800A725D7 /* Release */,
			);
			defaultConfigurationIsVisible = 0;
			defaultConfigurationName = Release;
		};
/* End XCConfigurationList section */
	};
	rootObject = 67962ECA25EFA58600A725D7 /* Project object */;
}
